// !$*UTF8*$!
{
	archiveVersion = 1;
	classes = {
	};
	objectVersion = 56;
	objects = {

/* Begin PBXBuildFile section */
		F861C1AD2A8B23D300248AEA /* AppDelegate.swift in Sources */ = {isa = PBXBuildFile; fileRef = F861C1AC2A8B23D300248AEA /* AppDelegate.swift */; };
		F861C1AF2A8B23D300248AEA /* SceneDelegate.swift in Sources */ = {isa = PBXBuildFile; fileRef = F861C1AE2A8B23D300248AEA /* SceneDelegate.swift */; };
		F861C1B12A8B23D300248AEA /* ViewController.swift in Sources */ = {isa = PBXBuildFile; fileRef = F861C1B02A8B23D300248AEA /* ViewController.swift */; };
		F861C1B62A8B23D500248AEA /* Assets.xcassets in Resources */ = {isa = PBXBuildFile; fileRef = F861C1B52A8B23D500248AEA /* Assets.xcassets */; };
		F861C1B92A8B23D500248AEA /* LaunchScreen.storyboard in Resources */ = {isa = PBXBuildFile; fileRef = F861C1B72A8B23D500248AEA /* LaunchScreen.storyboard */; };
		F861C1C32A8B343D00248AEA /* Calculations.swift in Sources */ = {isa = PBXBuildFile; fileRef = F861C1C22A8B343D00248AEA /* Calculations.swift */; };
		F861C1C52A8B346A00248AEA /* DefaultUI.swift in Sources */ = {isa = PBXBuildFile; fileRef = F861C1C42A8B346A00248AEA /* DefaultUI.swift */; };
		F861C1C72A8B348800248AEA /* GaugeOptions.swift in Sources */ = {isa = PBXBuildFile; fileRef = F861C1C62A8B348800248AEA /* GaugeOptions.swift */; };
		F861C1C92A8B34AC00248AEA /* GaugeView.swift in Sources */ = {isa = PBXBuildFile; fileRef = F861C1C82A8B34AC00248AEA /* GaugeView.swift */; };
/* End PBXBuildFile section */

/* Begin PBXFileReference section */
		F861C1A92A8B23D300248AEA /* SpeedTestLayout.app */ = {isa = PBXFileReference; explicitFileType = wrapper.application; includeInIndex = 0; path = SpeedTestLayout.app; sourceTree = BUILT_PRODUCTS_DIR; };
		F861C1AC2A8B23D300248AEA /* AppDelegate.swift */ = {isa = PBXFileReference; lastKnownFileType = sourcecode.swift; path = AppDelegate.swift; sourceTree = "<group>"; };
		F861C1AE2A8B23D300248AEA /* SceneDelegate.swift */ = {isa = PBXFileReference; lastKnownFileType = sourcecode.swift; path = SceneDelegate.swift; sourceTree = "<group>"; };
		F861C1B02A8B23D300248AEA /* ViewController.swift */ = {isa = PBXFileReference; lastKnownFileType = sourcecode.swift; path = ViewController.swift; sourceTree = "<group>"; };
		F861C1B52A8B23D500248AEA /* Assets.xcassets */ = {isa = PBXFileReference; lastKnownFileType = folder.assetcatalog; path = Assets.xcassets; sourceTree = "<group>"; };
		F861C1B82A8B23D500248AEA /* Base */ = {isa = PBXFileReference; lastKnownFileType = file.storyboard; name = Base; path = Base.lproj/LaunchScreen.storyboard; sourceTree = "<group>"; };
		F861C1BA2A8B23D500248AEA /* Info.plist */ = {isa = PBXFileReference; lastKnownFileType = text.plist.xml; path = Info.plist; sourceTree = "<group>"; };
		F861C1C22A8B343D00248AEA /* Calculations.swift */ = {isa = PBXFileReference; lastKnownFileType = sourcecode.swift; path = Calculations.swift; sourceTree = "<group>"; };
		F861C1C42A8B346A00248AEA /* DefaultUI.swift */ = {isa = PBXFileReference; lastKnownFileType = sourcecode.swift; path = DefaultUI.swift; sourceTree = "<group>"; };
		F861C1C62A8B348800248AEA /* GaugeOptions.swift */ = {isa = PBXFileReference; lastKnownFileType = sourcecode.swift; path = GaugeOptions.swift; sourceTree = "<group>"; };
		F861C1C82A8B34AC00248AEA /* GaugeView.swift */ = {isa = PBXFileReference; lastKnownFileType = sourcecode.swift; path = GaugeView.swift; sourceTree = "<group>"; };
/* End PBXFileReference section */

/* Begin PBXFrameworksBuildPhase section */
		F861C1A62A8B23D300248AEA /* Frameworks */ = {
			isa = PBXFrameworksBuildPhase;
			buildActionMask = 2147483647;
			files = (
			);
			runOnlyForDeploymentPostprocessing = 0;
		};
/* End PBXFrameworksBuildPhase section */

/* Begin PBXGroup section */
		F84432272A8C09AB00983835 /* Gauge */ = {
			isa = PBXGroup;
			children = (
				F861C1C22A8B343D00248AEA /* Calculations.swift */,
				F861C1C42A8B346A00248AEA /* DefaultUI.swift */,
				F861C1C62A8B348800248AEA /* GaugeOptions.swift */,
				F861C1C82A8B34AC00248AEA /* GaugeView.swift */,
			);
			path = Gauge;
			sourceTree = "<group>";
		};
		F861C1A02A8B23D300248AEA = {
			isa = PBXGroup;
			children = (
				F861C1AB2A8B23D300248AEA /* SpeedTestLayout */,
				F861C1AA2A8B23D300248AEA /* Products */,
			);
			sourceTree = "<group>";
		};
		F861C1AA2A8B23D300248AEA /* Products */ = {
			isa = PBXGroup;
			children = (
				F861C1A92A8B23D300248AEA /* SpeedTestLayout.app */,
			);
			name = Products;
			sourceTree = "<group>";
		};
		F861C1AB2A8B23D300248AEA /* SpeedTestLayout */ = {
			isa = PBXGroup;
			children = (
				F861C1AC2A8B23D300248AEA /* AppDelegate.swift */,
				F861C1AE2A8B23D300248AEA /* SceneDelegate.swift */,
				F84432272A8C09AB00983835 /* Gauge */,
				F861C1B02A8B23D300248AEA /* ViewController.swift */,
				F861C1B52A8B23D500248AEA /* Assets.xcassets */,
				F861C1B72A8B23D500248AEA /* LaunchScreen.storyboard */,
				F861C1BA2A8B23D500248AEA /* Info.plist */,
			);
			path = SpeedTestLayout;
			sourceTree = "<group>";
		};
/* End PBXGroup section */

/* Begin PBXNativeTarget section */
		F861C1A82A8B23D300248AEA /* SpeedTestLayout */ = {
			isa = PBXNativeTarget;
			buildConfigurationList = F861C1BD2A8B23D500248AEA /* Build configuration list for PBXNativeTarget "SpeedTestLayout" */;
			buildPhases = (
				F861C1A52A8B23D300248AEA /* Sources */,
				F861C1A62A8B23D300248AEA /* Frameworks */,
				F861C1A72A8B23D300248AEA /* Resources */,
			);
			buildRules = (
			);
			dependencies = (
			);
			name = SpeedTestLayout;
			productName = SpeedTestLayout;
			productReference = F861C1A92A8B23D300248AEA /* SpeedTestLayout.app */;
			productType = "com.apple.product-type.application";
		};
/* End PBXNativeTarget section */

/* Begin PBXProject section */
		F861C1A12A8B23D300248AEA /* Project object */ = {
			isa = PBXProject;
			attributes = {
				BuildIndependentTargetsInParallel = 1;
				LastSwiftUpdateCheck = 1430;
				LastUpgradeCheck = 1430;
				TargetAttributes = {
					F861C1A82A8B23D300248AEA = {
						CreatedOnToolsVersion = 14.3;
					};
				};
			};
			buildConfigurationList = F861C1A42A8B23D300248AEA /* Build configuration list for PBXProject "SpeedTestLayout" */;
			compatibilityVersion = "Xcode 14.0";
			developmentRegion = en;
			hasScannedForEncodings = 0;
			knownRegions = (
				en,
				Base,
			);
			mainGroup = F861C1A02A8B23D300248AEA;
			productRefGroup = F861C1AA2A8B23D300248AEA /* Products */;
			projectDirPath = "";
			projectRoot = "";
			targets = (
				F861C1A82A8B23D300248AEA /* SpeedTestLayout */,
			);
		};
/* End PBXProject section */

/* Begin PBXResourcesBuildPhase section */
		F861C1A72A8B23D300248AEA /* Resources */ = {
			isa = PBXResourcesBuildPhase;
			buildActionMask = 2147483647;
			files = (
				F861C1B92A8B23D500248AEA /* LaunchScreen.storyboard in Resources */,
				F861C1B62A8B23D500248AEA /* Assets.xcassets in Resources */,
			);
			runOnlyForDeploymentPostprocessing = 0;
		};
/* End PBXResourcesBuildPhase section */

/* Begin PBXSourcesBuildPhase section */
		F861C1A52A8B23D300248AEA /* Sources */ = {
			isa = PBXSourcesBuildPhase;
			buildActionMask = 2147483647;
			files = (
				F861C1B12A8B23D300248AEA /* ViewController.swift in Sources */,
				F861C1AD2A8B23D300248AEA /* AppDelegate.swift in Sources */,
				F861C1AF2A8B23D300248AEA /* SceneDelegate.swift in Sources */,
				F861C1C32A8B343D00248AEA /* Calculations.swift in Sources */,
				F861C1C52A8B346A00248AEA /* DefaultUI.swift in Sources */,
				F861C1C92A8B34AC00248AEA /* GaugeView.swift in Sources */,
				F861C1C72A8B348800248AEA /* GaugeOptions.swift in Sources */,
			);
			runOnlyForDeploymentPostprocessing = 0;
		};
/* End PBXSourcesBuildPhase section */

/* Begin PBXVariantGroup section */
		F861C1B72A8B23D500248AEA /* LaunchScreen.storyboard */ = {
			isa = PBXVariantGroup;
			children = (
				F861C1B82A8B23D500248AEA /* Base */,
			);
			name = LaunchScreen.storyboard;
			sourceTree = "<group>";
		};
/* End PBXVariantGroup section */

/* Begin XCBuildConfiguration section */
		F861C1BB2A8B23D500248AEA /* Debug */ = {
			isa = XCBuildConfiguration;
			buildSettings = {
				ALWAYS_SEARCH_USER_PATHS = NO;
				CLANG_ANALYZER_NONNULL = YES;
				CLANG_ANALYZER_NUMBER_OBJECT_CONVERSION = YES_AGGRESSIVE;
				CLANG_CXX_LANGUAGE_STANDARD = "gnu++20";
				CLANG_ENABLE_MODULES = YES;
				CLANG_ENABLE_OBJC_ARC = YES;
				CLANG_ENABLE_OBJC_WEAK = YES;
				CLANG_WARN_BLOCK_CAPTURE_AUTORELEASING = YES;
				CLANG_WARN_BOOL_CONVERSION = YES;
				CLANG_WARN_COMMA = YES;
				CLANG_WARN_CONSTANT_CONVERSION = YES;
				CLANG_WARN_DEPRECATED_OBJC_IMPLEMENTATIONS = YES;
				CLANG_WARN_DIRECT_OBJC_ISA_USAGE = YES_ERROR;
				CLANG_WARN_DOCUMENTATION_COMMENTS = YES;
				CLANG_WARN_EMPTY_BODY = YES;
				CLANG_WARN_ENUM_CONVERSION = YES;
				CLANG_WARN_INFINITE_RECURSION = YES;
				CLANG_WARN_INT_CONVERSION = YES;
				CLANG_WARN_NON_LITERAL_NULL_CONVERSION = YES;
				CLANG_WARN_OBJC_IMPLICIT_RETAIN_SELF = YES;
				CLANG_WARN_OBJC_LITERAL_CONVERSION = YES;
				CLANG_WARN_OBJC_ROOT_CLASS = YES_ERROR;
				CLANG_WARN_QUOTED_INCLUDE_IN_FRAMEWORK_HEADER = YES;
				CLANG_WARN_RANGE_LOOP_ANALYSIS = YES;
				CLANG_WARN_STRICT_PROTOTYPES = YES;
				CLANG_WARN_SUSPICIOUS_MOVE = YES;
				CLANG_WARN_UNGUARDED_AVAILABILITY = YES_AGGRESSIVE;
				CLANG_WARN_UNREACHABLE_CODE = YES;
				CLANG_WARN__DUPLICATE_METHOD_MATCH = YES;
				COPY_PHASE_STRIP = NO;
				DEBUG_INFORMATION_FORMAT = dwarf;
				ENABLE_STRICT_OBJC_MSGSEND = YES;
				ENABLE_TESTABILITY = YES;
				GCC_C_LANGUAGE_STANDARD = gnu11;
				GCC_DYNAMIC_NO_PIC = NO;
				GCC_NO_COMMON_BLOCKS = YES;
				GCC_OPTIMIZATION_LEVEL = 0;
				GCC_PREPROCESSOR_DEFINITIONS = (
					"DEBUG=1",
					"$(inherited)",
				);
				GCC_WARN_64_TO_32_BIT_CONVERSION = YES;
				GCC_WARN_ABOUT_RETURN_TYPE = YES_ERROR;
				GCC_WARN_UNDECLARED_SELECTOR = YES;
				GCC_WARN_UNINITIALIZED_AUTOS = YES_AGGRESSIVE;
				GCC_WARN_UNUSED_FUNCTION = YES;
				GCC_WARN_UNUSED_VARIABLE = YES;
				IPHONEOS_DEPLOYMENT_TARGET = 16.4;
				MTL_ENABLE_DEBUG_INFO = INCLUDE_SOURCE;
				MTL_FAST_MATH = YES;
				ONLY_ACTIVE_ARCH = YES;
				SDKROOT = iphoneos;
				SWIFT_ACTIVE_COMPILATION_CONDITIONS = DEBUG;
				SWIFT_OPTIMIZATION_LEVEL = "-Onone";
			};
			name = Debug;
		};
		F861C1BC2A8B23D500248AEA /* Release */ = {
			isa = XCBuildConfiguration;
			buildSettings = {
				ALWAYS_SEARCH_USER_PATHS = NO;
				CLANG_ANALYZER_NONNULL = YES;
				CLANG_ANALYZER_NUMBER_OBJECT_CONVERSION = YES_AGGRESSIVE;
				CLANG_CXX_LANGUAGE_STANDARD = "gnu++20";
				CLANG_ENABLE_MODULES = YES;
				CLANG_ENABLE_OBJC_ARC = YES;
				CLANG_ENABLE_OBJC_WEAK = YES;
				CLANG_WARN_BLOCK_CAPTURE_AUTORELEASING = YES;
				CLANG_WARN_BOOL_CONVERSION = YES;
				CLANG_WARN_COMMA = YES;
				CLANG_WARN_CONSTANT_CONVERSION = YES;
				CLANG_WARN_DEPRECATED_OBJC_IMPLEMENTATIONS = YES;
				CLANG_WARN_DIRECT_OBJC_ISA_USAGE = YES_ERROR;
				CLANG_WARN_DOCUMENTATION_COMMENTS = YES;
				CLANG_WARN_EMPTY_BODY = YES;
				CLANG_WARN_ENUM_CONVERSION = YES;
				CLANG_WARN_INFINITE_RECURSION = YES;
				CLANG_WARN_INT_CONVERSION = YES;
				CLANG_WARN_NON_LITERAL_NULL_CONVERSION = YES;
				CLANG_WARN_OBJC_IMPLICIT_RETAIN_SELF = YES;
				CLANG_WARN_OBJC_LITERAL_CONVERSION = YES;
				CLANG_WARN_OBJC_ROOT_CLASS = YES_ERROR;
				CLANG_WARN_QUOTED_INCLUDE_IN_FRAMEWORK_HEADER = YES;
				CLANG_WARN_RANGE_LOOP_ANALYSIS = YES;
				CLANG_WARN_STRICT_PROTOTYPES = YES;
				CLANG_WARN_SUSPICIOUS_MOVE = YES;
				CLANG_WARN_UNGUARDED_AVAILABILITY = YES_AGGRESSIVE;
				CLANG_WARN_UNREACHABLE_CODE = YES;
				CLANG_WARN__DUPLICATE_METHOD_MATCH = YES;
				COPY_PHASE_STRIP = NO;
				DEBUG_INFORMATION_FORMAT = "dwarf-with-dsym";
				ENABLE_NS_ASSERTIONS = NO;
				ENABLE_STRICT_OBJC_MSGSEND = YES;
				GCC_C_LANGUAGE_STANDARD = gnu11;
				GCC_NO_COMMON_BLOCKS = YES;
				GCC_WARN_64_TO_32_BIT_CONVERSION = YES;
				GCC_WARN_ABOUT_RETURN_TYPE = YES_ERROR;
				GCC_WARN_UNDECLARED_SELECTOR = YES;
				GCC_WARN_UNINITIALIZED_AUTOS = YES_AGGRESSIVE;
				GCC_WARN_UNUSED_FUNCTION = YES;
				GCC_WARN_UNUSED_VARIABLE = YES;
				IPHONEOS_DEPLOYMENT_TARGET = 16.4;
				MTL_ENABLE_DEBUG_INFO = NO;
				MTL_FAST_MATH = YES;
				SDKROOT = iphoneos;
				SWIFT_COMPILATION_MODE = wholemodule;
				SWIFT_OPTIMIZATION_LEVEL = "-O";
				VALIDATE_PRODUCT = YES;
			};
			name = Release;
		};
		F861C1BE2A8B23D500248AEA /* Debug */ = {
			isa = XCBuildConfiguration;
			buildSettings = {
				ASSETCATALOG_COMPILER_APPICON_NAME = AppIcon;
				ASSETCATALOG_COMPILER_GLOBAL_ACCENT_COLOR_NAME = AccentColor;
				CODE_SIGN_STYLE = Automatic;
				CURRENT_PROJECT_VERSION = 1;
				DEVELOPMENT_TEAM = 69V683996A;
				GENERATE_INFOPLIST_FILE = YES;
				INFOPLIST_FILE = SpeedTestLayout/Info.plist;
				INFOPLIST_KEY_UIApplicationSupportsIndirectInputEvents = YES;
				INFOPLIST_KEY_UILaunchStoryboardName = LaunchScreen;
				INFOPLIST_KEY_UISupportedInterfaceOrientations_iPad = "UIInterfaceOrientationPortrait UIInterfaceOrientationPortraitUpsideDown UIInterfaceOrientationLandscapeLeft UIInterfaceOrientationLandscapeRight";
				INFOPLIST_KEY_UISupportedInterfaceOrientations_iPhone = "UIInterfaceOrientationPortrait UIInterfaceOrientationLandscapeLeft UIInterfaceOrientationLandscapeRight";
				LD_RUNPATH_SEARCH_PATHS = (
					"$(inherited)",
					"@executable_path/Frameworks",
				);
				MARKETING_VERSION = 1.0;
				PRODUCT_BUNDLE_IDENTIFIER = My.SpeedTestLayout;
				PRODUCT_NAME = "$(TARGET_NAME)";
				SWIFT_EMIT_LOC_STRINGS = YES;
				SWIFT_VERSION = 5.0;
				TARGETED_DEVICE_FAMILY = "1,2";
			};
			name = Debug;
		};
		F861C1BF2A8B23D500248AEA /* Release */ = {
			isa = XCBuildConfiguration;
			buildSettings = {
				ASSETCATALOG_COMPILER_APPICON_NAME = AppIcon;
				ASSETCATALOG_COMPILER_GLOBAL_ACCENT_COLOR_NAME = AccentColor;
				CODE_SIGN_STYLE = Automatic;
				CURRENT_PROJECT_VERSION = 1;
				DEVELOPMENT_TEAM = 69V683996A;
				GENERATE_INFOPLIST_FILE = YES;
				INFOPLIST_FILE = SpeedTestLayout/Info.plist;
				INFOPLIST_KEY_UIApplicationSupportsIndirectInputEvents = YES;
				INFOPLIST_KEY_UILaunchStoryboardName = LaunchScreen;
				INFOPLIST_KEY_UISupportedInterfaceOrientations_iPad = "UIInterfaceOrientationPortrait UIInterfaceOrientationPortraitUpsideDown UIInterfaceOrientationLandscapeLeft UIInterfaceOrientationLandscapeRight";
				INFOPLIST_KEY_UISupportedInterfaceOrientations_iPhone = "UIInterfaceOrientationPortrait UIInterfaceOrientationLandscapeLeft UIInterfaceOrientationLandscapeRight";
				LD_RUNPATH_SEARCH_PATHS = (
					"$(inherited)",
					"@executable_path/Frameworks",
				);
				MARKETING_VERSION = 1.0;
				PRODUCT_BUNDLE_IDENTIFIER = My.SpeedTestLayout;
				PRODUCT_NAME = "$(TARGET_NAME)";
				SWIFT_EMIT_LOC_STRINGS = YES;
				SWIFT_VERSION = 5.0;
				TARGETED_DEVICE_FAMILY = "1,2";
			};
			name = Release;
		};
/* End XCBuildConfiguration section */

/* Begin XCConfigurationList section */
		F861C1A42A8B23D300248AEA /* Build configuration list for PBXProject "SpeedTestLayout" */ = {
			isa = XCConfigurationList;
			buildConfigurations = (
				F861C1BB2A8B23D500248AEA /* Debug */,
				F861C1BC2A8B23D500248AEA /* Release */,
			);
			defaultConfigurationIsVisible = 0;
			defaultConfigurationName = Release;
		};
		F861C1BD2A8B23D500248AEA /* Build configuration list for PBXNativeTarget "SpeedTestLayout" */ = {
			isa = XCConfigurationList;
			buildConfigurations = (
				F861C1BE2A8B23D500248AEA /* Debug */,
				F861C1BF2A8B23D500248AEA /* Release */,
			);
			defaultConfigurationIsVisible = 0;
			defaultConfigurationName = Release;
		};
/* End XCConfigurationList section */
	};
	rootObject = F861C1A12A8B23D300248AEA /* Project object */;
}
